
Microsoft Visual Studio Solution File, Format Version 12.00
# Visual Studio Version 17
VisualStudioVersion = 17.0.31903.59
MinimumVisualStudioVersion = 10.0.40219.1
Project("{2150E333-8FDC-42A3-9474-1A3956D46DE8}") = "src", "src", "{8FBBA18A-FA7B-45C4-A954-55DBB46837F1}"
EndProject
Project("{FAE04EC0-301F-11D3-BF4B-00C04F79EFBC}") = "WebApi", "src\WebApi\WebApi.csproj", "{829EBA25-ECEE-4048-B87F-C84C6013B281}"
EndProject
Project("{2150E333-8FDC-42A3-9474-1A3956D46DE8}") = "test", "test", "{D19C94C6-03BE-43EB-B0E1-6D6E93C700CE}"
EndProject
Project("{FAE04EC0-301F-11D3-BF4B-00C04F79EFBC}") = "WebApiTests", "test\WebApiTests\WebApiTests.csproj", "{A8987A76-A862-4F26-9AD4-3D99C2684DB2}"
EndProject
Global
	GlobalSection(SolutionConfigurationPlatforms) = preSolution
		Debug|Any CPU = Debug|Any CPU
		Release|Any CPU = Release|Any CPU
	EndGlobalSection
	GlobalSection(SolutionProperties) = preSolution
		HideSolutionNode = FALSE
	EndGlobalSection
	GlobalSection(ProjectConfigurationPlatforms) = postSolution
		{829EBA25-ECEE-4048-B87F-C84C6013B281}.Debug|Any CPU.ActiveCfg = Debug|Any CPU
		{829EBA25-ECEE-4048-B87F-C84C6013B281}.Debug|Any CPU.Build.0 = Debug|Any CPU
		{829EBA25-ECEE-4048-B87F-C84C6013B281}.Release|Any CPU.ActiveCfg = Release|Any CPU
		{829EBA25-ECEE-4048-B87F-C84C6013B281}.Release|Any CPU.Build.0 = Release|Any CPU
		{A8987A76-A862-4F26-9AD4-3D99C2684DB2}.Debug|Any CPU.ActiveCfg = Debug|Any CPU
		{A8987A76-A862-4F26-9AD4-3D99C2684DB2}.Debug|Any CPU.Build.0 = Debug|Any CPU
		{A8987A76-A862-4F26-9AD4-3D99C2684DB2}.Release|Any CPU.ActiveCfg = Release|Any CPU
		{A8987A76-A862-4F26-9AD4-3D99C2684DB2}.Release|Any CPU.Build.0 = Release|Any CPU
	EndGlobalSection
	GlobalSection(NestedProjects) = preSolution
		{829EBA25-ECEE-4048-B87F-C84C6013B281} = {8FBBA18A-FA7B-45C4-A954-55DBB46837F1}
		{A8987A76-A862-4F26-9AD4-3D99C2684DB2} = {D19C94C6-03BE-43EB-B0E1-6D6E93C700CE}
	EndGlobalSection
EndGlobal
